
Microsoft Visual Studio Solution File, Format Version 12.00
# Visual Studio 14
VisualStudioVersion = 14.0.23107.0
MinimumVisualStudioVersion = 10.0.40219.1
Project("{FAE04EC0-301F-11D3-BF4B-00C04F79EFBC}") = "HealthApp", "HealthApp\HealthApp.csproj", "{88E509ED-E94F-4B1A-9EE6-75A33CFAEE8D}"
EndProject
Project("{FAE04EC0-301F-11D3-BF4B-00C04F79EFBC}") = "Server", "..\Server\Server\Server.csproj", "{FA6CF8F9-E0A7-457B-A72E-8603A14A2934}"
EndProject
Project("{FAE04EC0-301F-11D3-BF4B-00C04F79EFBC}") = "ServerTests", "ServerTests\ServerTests.csproj", "{1E0BE6E2-A39A-4C61-AF4F-8073F69152D9}"
EndProject
Project("{FAE04EC0-301F-11D3-BF4B-00C04F79EFBC}") = "HealthAppTests", "HealthAppTests\HealthAppTests.csproj", "{A517E18C-280D-45C1-9439-55C81F8A2097}"
EndProject
Global
	GlobalSection(SolutionConfigurationPlatforms) = preSolution
		Debug|Any CPU = Debug|Any CPU
		Release|Any CPU = Release|Any CPU
	EndGlobalSection
	GlobalSection(ProjectConfigurationPlatforms) = postSolution
		{88E509ED-E94F-4B1A-9EE6-75A33CFAEE8D}.Debug|Any CPU.ActiveCfg = Debug|Any CPU
		{88E509ED-E94F-4B1A-9EE6-75A33CFAEE8D}.Debug|Any CPU.Build.0 = Debug|Any CPU
		{88E509ED-E94F-4B1A-9EE6-75A33CFAEE8D}.Debug|Any CPU.Deploy.0 = Debug|Any CPU
		{88E509ED-E94F-4B1A-9EE6-75A33CFAEE8D}.Release|Any CPU.ActiveCfg = Release|Any CPU
		{88E509ED-E94F-4B1A-9EE6-75A33CFAEE8D}.Release|Any CPU.Build.0 = Release|Any CPU
		{88E509ED-E94F-4B1A-9EE6-75A33CFAEE8D}.Release|Any CPU.Deploy.0 = Release|Any CPU
		{FA6CF8F9-E0A7-457B-A72E-8603A14A2934}.Debug|Any CPU.ActiveCfg = Debug|Any CPU
		{FA6CF8F9-E0A7-457B-A72E-8603A14A2934}.Debug|Any CPU.Build.0 = Debug|Any CPU
		{FA6CF8F9-E0A7-457B-A72E-8603A14A2934}.Release|Any CPU.ActiveCfg = Release|Any CPU
		{FA6CF8F9-E0A7-457B-A72E-8603A14A2934}.Release|Any CPU.Build.0 = Release|Any CPU
		{1E0BE6E2-A39A-4C61-AF4F-8073F69152D9}.Debug|Any CPU.ActiveCfg = Debug|Any CPU
		{1E0BE6E2-A39A-4C61-AF4F-8073F69152D9}.Debug|Any CPU.Build.0 = Debug|Any CPU
		{1E0BE6E2-A39A-4C61-AF4F-8073F69152D9}.Release|Any CPU.ActiveCfg = Release|Any CPU
		{1E0BE6E2-A39A-4C61-AF4F-8073F69152D9}.Release|Any CPU.Build.0 = Release|Any CPU
		{A517E18C-280D-45C1-9439-55C81F8A2097}.Debug|Any CPU.ActiveCfg = Debug|Any CPU
		{A517E18C-280D-45C1-9439-55C81F8A2097}.Debug|Any CPU.Build.0 = Debug|Any CPU
		{A517E18C-280D-45C1-9439-55C81F8A2097}.Release|Any CPU.ActiveCfg = Release|Any CPU
		{A517E18C-280D-45C1-9439-55C81F8A2097}.Release|Any CPU.Build.0 = Release|Any CPU
	EndGlobalSection
	GlobalSection(SolutionProperties) = preSolution
		HideSolutionNode = FALSE
	EndGlobalSection
EndGlobal
